# This file was autogenerated by Stack.
# You should not edit this file by hand.
# For more information, please see the documentation at:
#   https://docs.haskellstack.org/en/stable/lock_files

packages:
- completed:
    hackage: dhall-1.29.0@sha256:48e9c106ac611cc14f2f68d2a2df6358bfc371654a2b981ac3d7d73dccdc7ae2,32755
    pantry-tree:
      size: 244291
      sha256: ca99d89b077c2c536179f3b1751dfd5da70cb6eb3e052e408f0841c1c9582a01
  original:
    hackage: dhall-1.29.0
- completed:
    hackage: dhall-json-1.6.1@sha256:97fb77f7060c9bc2b0544104a006e5cbdaa1613d4896e0e4f14398861bdd071e,4224
    pantry-tree:
      size: 3181
      sha256: 43f08837e71185b2762ad41951cba85210d6f7c97859821540a14ddae3af3b77
  original:
    hackage: dhall-json-1.6.1
- completed:
    hackage: aeson-yaml-1.0.5.0@sha256:5786f021c1e088d6a5aa259120ec5b1f22bb1757f4427c1a87e0513d00f17f31,1975
    pantry-tree:
      size: 450
      sha256: abc06de688cab0956ed76bfb88e8c845158d2f3debf9812cb002d9f4db5d3695
  original:
    hackage: aeson-yaml-1.0.5.0
- completed:
    hackage: atomic-write-0.2.0.7@sha256:3b626dfbc288cd070f1ac31b1c15ddd49822a923778ffe21f92b2116ffc72dc3,4584
    pantry-tree:
      size: 2237
      sha256: b49d642f11c9eade41fac2c52dc34aadb093fd48139418c001e19d7ab1ae6696
  original:
    hackage: atomic-write-0.2.0.7
- completed:
    hackage: prettyprinter-1.6.0@sha256:fa5479994f35b40fe3cc0d666e6b02e39444672f33f22c09cae5c0c4724f7f10,5455
    pantry-tree:
      size: 2194
      sha256: ca03433d8f623eef663b0f7ea65b687f79dd3f85963019494d4e9311afb73574
  original:
    hackage: prettyprinter-1.6.0
snapshots:
- completed:
    size: 523541
    url: https://raw.githubusercontent.com/commercialhaskell/stackage-snapshots/master/lts/14/23.yaml
    sha256: f761fe419a1a44fc3ef47f5bfb1853304d13320fc72b45d2798c08d21dabc23c
  original: lts-14.23
