# This file was autogenerated by Stack.
# You should not edit this file by hand.
# For more information, please see the documentation at:
#   https://docs.haskellstack.org/en/stable/lock_files

packages:
- completed:
    hackage: dhall-1.28.0@sha256:a0b38be83ab76c59adf6d67868b9b183591edc68d2c3727d38598ddc12c36c95,31625
    pantry-tree:
      size: 241424
      sha256: 8c92a349408edf2c72760025740b4950cd0a1d2ce0ba393333332c1bbc469967
  original:
    hackage: dhall-1.28.0
- completed:
    hackage: dhall-json-1.6.0@sha256:a3c808ac29adb91fbbb4002fa11885b045f4f28933ce5102223a67dda8aa9cfd,4088
    pantry-tree:
      size: 3181
      sha256: 52175ac87a2c446aca84d4413b3f3e50f7cbbf4fea73f67340184d6924dc7d6f
  original:
    hackage: dhall-json-1.6.0
- completed:
    hackage: aeson-yaml-1.0.5.0@sha256:5786f021c1e088d6a5aa259120ec5b1f22bb1757f4427c1a87e0513d00f17f31,1975
    pantry-tree:
      size: 450
      sha256: abc06de688cab0956ed76bfb88e8c845158d2f3debf9812cb002d9f4db5d3695
  original:
    hackage: aeson-yaml-1.0.5.0
- completed:
    hackage: atomic-write-0.2.0.7@sha256:3b626dfbc288cd070f1ac31b1c15ddd49822a923778ffe21f92b2116ffc72dc3,4584
    pantry-tree:
      size: 2237
      sha256: b49d642f11c9eade41fac2c52dc34aadb093fd48139418c001e19d7ab1ae6696
  original:
    hackage: atomic-write-0.2.0.7
- completed:
    hackage: prettyprinter-1.5.1@sha256:fca87c3e2611d3499a0341a59857e9b424a23f31646e4737d535a18582284f96,5375
    pantry-tree:
      size: 2106
      sha256: 86fd583112db41bac5ac9ecf258ec402ad615253e9c5eabc56ec127bfb94c096
  original:
    hackage: prettyprinter-1.5.1
snapshots:
- completed:
    size: 523700
    url: https://raw.githubusercontent.com/commercialhaskell/stackage-snapshots/master/lts/14/7.yaml
    sha256: 8e3f3c894be74d71fa4bf085e0a8baae7e4d7622d07ea31a52736b80f8b9bb1a
  original: lts-14.7
