# This file was autogenerated by Stack.
# You should not edit this file by hand.
# For more information, please see the documentation at:
#   https://docs.haskellstack.org/en/stable/lock_files

packages:
- completed:
    hackage: dhall-1.26.1@sha256:e291354ce0191b51b1c65c4f857f59c4bc2ed1983ea69a6e11a2f814dcd74709,30033
    pantry-tree:
      size: 225515
      sha256: 28615732061471cb0ff479cbdf048523dbb4530c9712c5da2ba2c5b3d026b487
  original:
    hackage: dhall-1.26.1
- completed:
    hackage: dhall-json-1.4.1@sha256:c31ec20127248d334707d1cef90b396b9fb6fa78213199d44fc3033ee311996f,5575
    pantry-tree:
      size: 3387
      sha256: a577fbb808c71bd866bb2ccd3f12469df735b0e9a326151b86c5b833e49f218d
  original:
    hackage: dhall-json-1.4.1
snapshots:
- completed:
    size: 523700
    url: https://raw.githubusercontent.com/commercialhaskell/stackage-snapshots/master/lts/14/7.yaml
    sha256: 8e3f3c894be74d71fa4bf085e0a8baae7e4d7622d07ea31a52736b80f8b9bb1a
  original: lts-14.7
